// !$*UTF8*$!
{
	archiveVersion = 1;
	classes = {
	};
	objectVersion = 50;
	objects = {

/* Begin PBXBuildFile section */
		1581B33C2201195500A3BA1F /* AppDelegate.m in Sources */ = {isa = PBXBuildFile; fileRef = 1581B33B2201195500A3BA1F /* AppDelegate.m */; };
		1581B33F2201195500A3BA1F /* ViewController.m in Sources */ = {isa = PBXBuildFile; fileRef = 1581B33E2201195500A3BA1F /* ViewController.m */; };
		1581B3422201195500A3BA1F /* Main.storyboard in Resources */ = {isa = PBXBuildFile; fileRef = 1581B3402201195500A3BA1F /* Main.storyboard */; };
		1581B3442201195900A3BA1F /* Assets.xcassets in Resources */ = {isa = PBXBuildFile; fileRef = 1581B3432201195900A3BA1F /* Assets.xcassets */; };
		1581B3472201195900A3BA1F /* LaunchScreen.storyboard in Resources */ = {isa = PBXBuildFile; fileRef = 1581B3452201195900A3BA1F /* LaunchScreen.storyboard */; };
		1581B34A2201195900A3BA1F /* main.m in Sources */ = {isa = PBXBuildFile; fileRef = 1581B3492201195900A3BA1F /* main.m */; };
		1581B352220128CB00A3BA1F /* Unit.m in Sources */ = {isa = PBXBuildFile; fileRef = 1581B351220128CB00A3BA1F /* Unit.m */; };
		1581B3552201308900A3BA1F /* DetailViewController.m in Sources */ = {isa = PBXBuildFile; fileRef = 1581B3542201308900A3BA1F /* DetailViewController.m */; };
		1581B3582201312D00A3BA1F /* SearchViewController.m in Sources */ = {isa = PBXBuildFile; fileRef = 1581B3572201312D00A3BA1F /* SearchViewController.m */; };
		1581B35B2201316000A3BA1F /* UnitViewCell.m in Sources */ = {isa = PBXBuildFile; fileRef = 1581B35A2201316000A3BA1F /* UnitViewCell.m */; };
		15EF67252206221600585A29 /* AgentViewController.m in Sources */ = {isa = PBXBuildFile; fileRef = 15EF67242206221600585A29 /* AgentViewController.m */; };
		CD093C3C2204BB5400FED30C /* iconInstaHomey.png in Resources */ = {isa = PBXBuildFile; fileRef = CD093C3B2204BB5400FED30C /* iconInstaHomey.png */; };
		CDD738372202580000BD157B /* MapKit.framework in Frameworks */ = {isa = PBXBuildFile; fileRef = CDD738362202580000BD157B /* MapKit.framework */; };
		CDD7383A22035ED500BD157B /* UnitAnnotations.m in Sources */ = {isa = PBXBuildFile; fileRef = CDD7383922035ED500BD157B /* UnitAnnotations.m */; };
		E9C693392203E45D0038E32E /* InstaViewController.m in Sources */ = {isa = PBXBuildFile; fileRef = E9C693382203E45D0038E32E /* InstaViewController.m */; };
		E9C6933C2203EC260038E32E /* InstaTableViewCell.m in Sources */ = {isa = PBXBuildFile; fileRef = E9C6933B2203EC260038E32E /* InstaTableViewCell.m */; };
/* End PBXBuildFile section */

/* Begin PBXFileReference section */
		1581B3372201195500A3BA1F /* Project Prototype.app */ = {isa = PBXFileReference; explicitFileType = wrapper.application; includeInIndex = 0; path = "Project Prototype.app"; sourceTree = BUILT_PRODUCTS_DIR; };
		1581B33A2201195500A3BA1F /* AppDelegate.h */ = {isa = PBXFileReference; lastKnownFileType = sourcecode.c.h; path = AppDelegate.h; sourceTree = "<group>"; };
		1581B33B2201195500A3BA1F /* AppDelegate.m */ = {isa = PBXFileReference; lastKnownFileType = sourcecode.c.objc; path = AppDelegate.m; sourceTree = "<group>"; };
		1581B33D2201195500A3BA1F /* ViewController.h */ = {isa = PBXFileReference; lastKnownFileType = sourcecode.c.h; path = ViewController.h; sourceTree = "<group>"; };
		1581B33E2201195500A3BA1F /* ViewController.m */ = {isa = PBXFileReference; lastKnownFileType = sourcecode.c.objc; path = ViewController.m; sourceTree = "<group>"; };
		1581B3412201195500A3BA1F /* Base */ = {isa = PBXFileReference; lastKnownFileType = file.storyboard; name = Base; path = Base.lproj/Main.storyboard; sourceTree = "<group>"; };
		1581B3432201195900A3BA1F /* Assets.xcassets */ = {isa = PBXFileReference; lastKnownFileType = folder.assetcatalog; path = Assets.xcassets; sourceTree = "<group>"; };
		1581B3462201195900A3BA1F /* Base */ = {isa = PBXFileReference; lastKnownFileType = file.storyboard; name = Base; path = Base.lproj/LaunchScreen.storyboard; sourceTree = "<group>"; };
		1581B3482201195900A3BA1F /* Info.plist */ = {isa = PBXFileReference; lastKnownFileType = text.plist.xml; path = Info.plist; sourceTree = "<group>"; };
		1581B3492201195900A3BA1F /* main.m */ = {isa = PBXFileReference; lastKnownFileType = sourcecode.c.objc; path = main.m; sourceTree = "<group>"; };
		1581B350220128CB00A3BA1F /* Unit.h */ = {isa = PBXFileReference; lastKnownFileType = sourcecode.c.h; path = Unit.h; sourceTree = "<group>"; };
		1581B351220128CB00A3BA1F /* Unit.m */ = {isa = PBXFileReference; lastKnownFileType = sourcecode.c.objc; path = Unit.m; sourceTree = "<group>"; };
		1581B3532201308900A3BA1F /* DetailViewController.h */ = {isa = PBXFileReference; lastKnownFileType = sourcecode.c.h; path = DetailViewController.h; sourceTree = "<group>"; };
		1581B3542201308900A3BA1F /* DetailViewController.m */ = {isa = PBXFileReference; lastKnownFileType = sourcecode.c.objc; path = DetailViewController.m; sourceTree = "<group>"; };
		1581B3562201312D00A3BA1F /* SearchViewController.h */ = {isa = PBXFileReference; lastKnownFileType = sourcecode.c.h; path = SearchViewController.h; sourceTree = "<group>"; };
		1581B3572201312D00A3BA1F /* SearchViewController.m */ = {isa = PBXFileReference; lastKnownFileType = sourcecode.c.objc; path = SearchViewController.m; sourceTree = "<group>"; };
		1581B3592201316000A3BA1F /* UnitViewCell.h */ = {isa = PBXFileReference; lastKnownFileType = sourcecode.c.h; path = UnitViewCell.h; sourceTree = "<group>"; };
		1581B35A2201316000A3BA1F /* UnitViewCell.m */ = {isa = PBXFileReference; lastKnownFileType = sourcecode.c.objc; path = UnitViewCell.m; sourceTree = "<group>"; };
		15EF67232206221600585A29 /* AgentViewController.h */ = {isa = PBXFileReference; lastKnownFileType = sourcecode.c.h; path = AgentViewController.h; sourceTree = "<group>"; };
		15EF67242206221600585A29 /* AgentViewController.m */ = {isa = PBXFileReference; lastKnownFileType = sourcecode.c.objc; path = AgentViewController.m; sourceTree = "<group>"; };
		CD093C3B2204BB5400FED30C /* iconInstaHomey.png */ = {isa = PBXFileReference; lastKnownFileType = image.png; name = iconInstaHomey.png; path = Assets.xcassets/iconInstaHomey.imageset/iconInstaHomey.png; sourceTree = "<group>"; };
		CDD738362202580000BD157B /* MapKit.framework */ = {isa = PBXFileReference; lastKnownFileType = wrapper.framework; name = MapKit.framework; path = System/Library/Frameworks/MapKit.framework; sourceTree = SDKROOT; };
		CDD7383822035ED500BD157B /* UnitAnnotations.h */ = {isa = PBXFileReference; lastKnownFileType = sourcecode.c.h; path = UnitAnnotations.h; sourceTree = "<group>"; };
		CDD7383922035ED500BD157B /* UnitAnnotations.m */ = {isa = PBXFileReference; lastKnownFileType = sourcecode.c.objc; path = UnitAnnotations.m; sourceTree = "<group>"; };
		E9C693372203E45D0038E32E /* InstaViewController.h */ = {isa = PBXFileReference; lastKnownFileType = sourcecode.c.h; path = InstaViewController.h; sourceTree = "<group>"; };
		E9C693382203E45D0038E32E /* InstaViewController.m */ = {isa = PBXFileReference; lastKnownFileType = sourcecode.c.objc; path = InstaViewController.m; sourceTree = "<group>"; };
		E9C6933A2203EC260038E32E /* InstaTableViewCell.h */ = {isa = PBXFileReference; lastKnownFileType = sourcecode.c.h; path = InstaTableViewCell.h; sourceTree = "<group>"; };
		E9C6933B2203EC260038E32E /* InstaTableViewCell.m */ = {isa = PBXFileReference; lastKnownFileType = sourcecode.c.objc; path = InstaTableViewCell.m; sourceTree = "<group>"; };
/* End PBXFileReference section */

/* Begin PBXFrameworksBuildPhase section */
		1581B3342201195500A3BA1F /* Frameworks */ = {
			isa = PBXFrameworksBuildPhase;
			buildActionMask = 2147483647;
			files = (
				CDD738372202580000BD157B /* MapKit.framework in Frameworks */,
			);
			runOnlyForDeploymentPostprocessing = 0;
		};
/* End PBXFrameworksBuildPhase section */

/* Begin PBXGroup section */
		1581B32E2201195500A3BA1F = {
			isa = PBXGroup;
			children = (
				1581B3392201195500A3BA1F /* Project Prototype */,
				1581B3382201195500A3BA1F /* Products */,
				CDD738352202580000BD157B /* Frameworks */,
			);
			sourceTree = "<group>";
		};
		1581B3382201195500A3BA1F /* Products */ = {
			isa = PBXGroup;
			children = (
				1581B3372201195500A3BA1F /* Project Prototype.app */,
			);
			name = Products;
			sourceTree = "<group>";
		};
		1581B3392201195500A3BA1F /* Project Prototype */ = {
			isa = PBXGroup;
			children = (
				1581B33A2201195500A3BA1F /* AppDelegate.h */,
				1581B33B2201195500A3BA1F /* AppDelegate.m */,
				1581B33D2201195500A3BA1F /* ViewController.h */,
				1581B33E2201195500A3BA1F /* ViewController.m */,
				1581B3532201308900A3BA1F /* DetailViewController.h */,
				1581B3542201308900A3BA1F /* DetailViewController.m */,
				1581B3402201195500A3BA1F /* Main.storyboard */,
				1581B3562201312D00A3BA1F /* SearchViewController.h */,
				1581B3572201312D00A3BA1F /* SearchViewController.m */,
				E9C693372203E45D0038E32E /* InstaViewController.h */,
				E9C693382203E45D0038E32E /* InstaViewController.m */,
				E9C6933A2203EC260038E32E /* InstaTableViewCell.h */,
				E9C6933B2203EC260038E32E /* InstaTableViewCell.m */,
				1581B3592201316000A3BA1F /* UnitViewCell.h */,
				1581B35A2201316000A3BA1F /* UnitViewCell.m */,
				CDD7383822035ED500BD157B /* UnitAnnotations.h */,
				CDD7383922035ED500BD157B /* UnitAnnotations.m */,
				1581B350220128CB00A3BA1F /* Unit.h */,
				1581B351220128CB00A3BA1F /* Unit.m */,
				15EF67232206221600585A29 /* AgentViewController.h */,
				15EF67242206221600585A29 /* AgentViewController.m */,
				1581B3432201195900A3BA1F /* Assets.xcassets */,
				1581B3452201195900A3BA1F /* LaunchScreen.storyboard */,
				CD093C3B2204BB5400FED30C /* iconInstaHomey.png */,
				1581B3482201195900A3BA1F /* Info.plist */,
				1581B3492201195900A3BA1F /* main.m */,
			);
			path = "Project Prototype";
			sourceTree = "<group>";
		};
		CDD738352202580000BD157B /* Frameworks */ = {
			isa = PBXGroup;
			children = (
				CDD738362202580000BD157B /* MapKit.framework */,
			);
			name = Frameworks;
			sourceTree = "<group>";
		};
/* End PBXGroup section */

/* Begin PBXNativeTarget section */
		1581B3362201195500A3BA1F /* Project Prototype */ = {
			isa = PBXNativeTarget;
			buildConfigurationList = 1581B34D2201195900A3BA1F /* Build configuration list for PBXNativeTarget "Project Prototype" */;
			buildPhases = (
				1581B3332201195500A3BA1F /* Sources */,
				1581B3342201195500A3BA1F /* Frameworks */,
				1581B3352201195500A3BA1F /* Resources */,
			);
			buildRules = (
			);
			dependencies = (
			);
			name = "Project Prototype";
			productName = "Project Prototype";
			productReference = 1581B3372201195500A3BA1F /* Project Prototype.app */;
			productType = "com.apple.product-type.application";
		};
/* End PBXNativeTarget section */

/* Begin PBXProject section */
		1581B32F2201195500A3BA1F /* Project object */ = {
			isa = PBXProject;
			attributes = {
				LastUpgradeCheck = 1000;
				ORGANIZATIONNAME = "Kamal Maged";
				TargetAttributes = {
					1581B3362201195500A3BA1F = {
						CreatedOnToolsVersion = 10.0;
						SystemCapabilities = {
							com.apple.Maps.iOS = {
								enabled = 1;
							};
						};
					};
				};
			};
			buildConfigurationList = 1581B3322201195500A3BA1F /* Build configuration list for PBXProject "Project Prototype" */;
			compatibilityVersion = "Xcode 9.3";
			developmentRegion = en;
			hasScannedForEncodings = 0;
			knownRegions = (
				en,
				Base,
			);
			mainGroup = 1581B32E2201195500A3BA1F;
			productRefGroup = 1581B3382201195500A3BA1F /* Products */;
			projectDirPath = "";
			projectRoot = "";
			targets = (
				1581B3362201195500A3BA1F /* Project Prototype */,
			);
		};
/* End PBXProject section */

/* Begin PBXResourcesBuildPhase section */
		1581B3352201195500A3BA1F /* Resources */ = {
			isa = PBXResourcesBuildPhase;
			buildActionMask = 2147483647;
			files = (
				1581B3472201195900A3BA1F /* LaunchScreen.storyboard in Resources */,
				1581B3442201195900A3BA1F /* Assets.xcassets in Resources */,
				1581B3422201195500A3BA1F /* Main.storyboard in Resources */,
				CD093C3C2204BB5400FED30C /* iconInstaHomey.png in Resources */,
			);
			runOnlyForDeploymentPostprocessing = 0;
		};
/* End PBXResourcesBuildPhase section */

/* Begin PBXSourcesBuildPhase section */
		1581B3332201195500A3BA1F /* Sources */ = {
			isa = PBXSourcesBuildPhase;
			buildActionMask = 2147483647;
			files = (
				1581B3552201308900A3BA1F /* DetailViewController.m in Sources */,
				15EF67252206221600585A29 /* AgentViewController.m in Sources */,
				E9C6933C2203EC260038E32E /* InstaTableViewCell.m in Sources */,
				E9C693392203E45D0038E32E /* InstaViewController.m in Sources */,
				1581B33F2201195500A3BA1F /* ViewController.m in Sources */,
				CDD7383A22035ED500BD157B /* UnitAnnotations.m in Sources */,
				1581B35B2201316000A3BA1F /* UnitViewCell.m in Sources */,
				1581B352220128CB00A3BA1F /* Unit.m in Sources */,
				1581B34A2201195900A3BA1F /* main.m in Sources */,
				1581B3582201312D00A3BA1F /* SearchViewController.m in Sources */,
				1581B33C2201195500A3BA1F /* AppDelegate.m in Sources */,
			);
			runOnlyForDeploymentPostprocessing = 0;
		};
/* End PBXSourcesBuildPhase section */

/* Begin PBXVariantGroup section */
		1581B3402201195500A3BA1F /* Main.storyboard */ = {
			isa = PBXVariantGroup;
			children = (
				1581B3412201195500A3BA1F /* Base */,
			);
			name = Main.storyboard;
			sourceTree = "<group>";
		};
		1581B3452201195900A3BA1F /* LaunchScreen.storyboard */ = {
			isa = PBXVariantGroup;
			children = (
				1581B3462201195900A3BA1F /* Base */,
			);
			name = LaunchScreen.storyboard;
			sourceTree = "<group>";
		};
/* End PBXVariantGroup section */

/* Begin XCBuildConfiguration section */
		1581B34B2201195900A3BA1F /* Debug */ = {
			isa = XCBuildConfiguration;
			buildSettings = {
				ALWAYS_SEARCH_USER_PATHS = NO;
				CLANG_ANALYZER_NONNULL = YES;
				CLANG_ANALYZER_NUMBER_OBJECT_CONVERSION = YES_AGGRESSIVE;
				CLANG_CXX_LANGUAGE_STANDARD = "gnu++14";
				CLANG_CXX_LIBRARY = "libc++";
				CLANG_ENABLE_MODULES = YES;
				CLANG_ENABLE_OBJC_ARC = YES;
				CLANG_ENABLE_OBJC_WEAK = YES;
				CLANG_WARN_BLOCK_CAPTURE_AUTORELEASING = YES;
				CLANG_WARN_BOOL_CONVERSION = YES;
				CLANG_WARN_COMMA = YES;
				CLANG_WARN_CONSTANT_CONVERSION = YES;
				CLANG_WARN_DEPRECATED_OBJC_IMPLEMENTATIONS = YES;
				CLANG_WARN_DIRECT_OBJC_ISA_USAGE = YES_ERROR;
				CLANG_WARN_DOCUMENTATION_COMMENTS = YES;
				CLANG_WARN_EMPTY_BODY = YES;
				CLANG_WARN_ENUM_CONVERSION = YES;
				CLANG_WARN_INFINITE_RECURSION = YES;
				CLANG_WARN_INT_CONVERSION = YES;
				CLANG_WARN_NON_LITERAL_NULL_CONVERSION = YES;
				CLANG_WARN_OBJC_IMPLICIT_RETAIN_SELF = YES;
				CLANG_WARN_OBJC_LITERAL_CONVERSION = YES;
				CLANG_WARN_OBJC_ROOT_CLASS = YES_ERROR;
				CLANG_WARN_RANGE_LOOP_ANALYSIS = YES;
				CLANG_WARN_STRICT_PROTOTYPES = YES;
				CLANG_WARN_SUSPICIOUS_MOVE = YES;
				CLANG_WARN_UNGUARDED_AVAILABILITY = YES_AGGRESSIVE;
				CLANG_WARN_UNREACHABLE_CODE = YES;
				CLANG_WARN__DUPLICATE_METHOD_MATCH = YES;
				CODE_SIGN_IDENTITY = "iPhone Developer";
				COPY_PHASE_STRIP = NO;
				DEBUG_INFORMATION_FORMAT = dwarf;
				ENABLE_STRICT_OBJC_MSGSEND = YES;
				ENABLE_TESTABILITY = YES;
				GCC_C_LANGUAGE_STANDARD = gnu11;
				GCC_DYNAMIC_NO_PIC = NO;
				GCC_NO_COMMON_BLOCKS = YES;
				GCC_OPTIMIZATION_LEVEL = 0;
				GCC_PREPROCESSOR_DEFINITIONS = (
					"DEBUG=1",
					"$(inherited)",
				);
				GCC_WARN_64_TO_32_BIT_CONVERSION = YES;
				GCC_WARN_ABOUT_RETURN_TYPE = YES_ERROR;
				GCC_WARN_UNDECLARED_SELECTOR = YES;
				GCC_WARN_UNINITIALIZED_AUTOS = YES_AGGRESSIVE;
				GCC_WARN_UNUSED_FUNCTION = YES;
				GCC_WARN_UNUSED_VARIABLE = YES;
				IPHONEOS_DEPLOYMENT_TARGET = 12.0;
				MTL_ENABLE_DEBUG_INFO = INCLUDE_SOURCE;
				MTL_FAST_MATH = YES;
				ONLY_ACTIVE_ARCH = YES;
				SDKROOT = iphoneos;
			};
			name = Debug;
		};
		1581B34C2201195900A3BA1F /* Release */ = {
			isa = XCBuildConfiguration;
			buildSettings = {
				ALWAYS_SEARCH_USER_PATHS = NO;
				CLANG_ANALYZER_NONNULL = YES;
				CLANG_ANALYZER_NUMBER_OBJECT_CONVERSION = YES_AGGRESSIVE;
				CLANG_CXX_LANGUAGE_STANDARD = "gnu++14";
				CLANG_CXX_LIBRARY = "libc++";
				CLANG_ENABLE_MODULES = YES;
				CLANG_ENABLE_OBJC_ARC = YES;
				CLANG_ENABLE_OBJC_WEAK = YES;
				CLANG_WARN_BLOCK_CAPTURE_AUTORELEASING = YES;
				CLANG_WARN_BOOL_CONVERSION = YES;
				CLANG_WARN_COMMA = YES;
				CLANG_WARN_CONSTANT_CONVERSION = YES;
				CLANG_WARN_DEPRECATED_OBJC_IMPLEMENTATIONS = YES;
				CLANG_WARN_DIRECT_OBJC_ISA_USAGE = YES_ERROR;
				CLANG_WARN_DOCUMENTATION_COMMENTS = YES;
				CLANG_WARN_EMPTY_BODY = YES;
				CLANG_WARN_ENUM_CONVERSION = YES;
				CLANG_WARN_INFINITE_RECURSION = YES;
				CLANG_WARN_INT_CONVERSION = YES;
				CLANG_WARN_NON_LITERAL_NULL_CONVERSION = YES;
				CLANG_WARN_OBJC_IMPLICIT_RETAIN_SELF = YES;
				CLANG_WARN_OBJC_LITERAL_CONVERSION = YES;
				CLANG_WARN_OBJC_ROOT_CLASS = YES_ERROR;
				CLANG_WARN_RANGE_LOOP_ANALYSIS = YES;
				CLANG_WARN_STRICT_PROTOTYPES = YES;
				CLANG_WARN_SUSPICIOUS_MOVE = YES;
				CLANG_WARN_UNGUARDED_AVAILABILITY = YES_AGGRESSIVE;
				CLANG_WARN_UNREACHABLE_CODE = YES;
				CLANG_WARN__DUPLICATE_METHOD_MATCH = YES;
				CODE_SIGN_IDENTITY = "iPhone Developer";
				COPY_PHASE_STRIP = NO;
				DEBUG_INFORMATION_FORMAT = "dwarf-with-dsym";
				ENABLE_NS_ASSERTIONS = NO;
				ENABLE_STRICT_OBJC_MSGSEND = YES;
				GCC_C_LANGUAGE_STANDARD = gnu11;
				GCC_NO_COMMON_BLOCKS = YES;
				GCC_WARN_64_TO_32_BIT_CONVERSION = YES;
				GCC_WARN_ABOUT_RETURN_TYPE = YES_ERROR;
				GCC_WARN_UNDECLARED_SELECTOR = YES;
				GCC_WARN_UNINITIALIZED_AUTOS = YES_AGGRESSIVE;
				GCC_WARN_UNUSED_FUNCTION = YES;
				GCC_WARN_UNUSED_VARIABLE = YES;
				IPHONEOS_DEPLOYMENT_TARGET = 12.0;
				MTL_ENABLE_DEBUG_INFO = NO;
				MTL_FAST_MATH = YES;
				SDKROOT = iphoneos;
				VALIDATE_PRODUCT = YES;
			};
			name = Release;
		};
		1581B34E2201195900A3BA1F /* Debug */ = {
			isa = XCBuildConfiguration;
			buildSettings = {
				ASSETCATALOG_COMPILER_APPICON_NAME = AppIcon;
				CODE_SIGN_STYLE = Automatic;
				DEVELOPMENT_TEAM = "";
				INFOPLIST_FILE = "Project Prototype/Info.plist";
				IPHONEOS_DEPLOYMENT_TARGET = 12.0;
				LD_RUNPATH_SEARCH_PATHS = (
					"$(inherited)",
					"@executable_path/Frameworks",
				);
				PRODUCT_BUNDLE_IDENTIFIER = "Prep-Course.Project-Prototype";
				PRODUCT_NAME = "$(TARGET_NAME)";
				TARGETED_DEVICE_FAMILY = 1;
			};
			name = Debug;
		};
		1581B34F2201195900A3BA1F /* Release */ = {
			isa = XCBuildConfiguration;
			buildSettings = {
				ASSETCATALOG_COMPILER_APPICON_NAME = AppIcon;
				CODE_SIGN_STYLE = Automatic;
				DEVELOPMENT_TEAM = "";
				INFOPLIST_FILE = "Project Prototype/Info.plist";
				IPHONEOS_DEPLOYMENT_TARGET = 12.0;
				LD_RUNPATH_SEARCH_PATHS = (
					"$(inherited)",
					"@executable_path/Frameworks",
				);
				PRODUCT_BUNDLE_IDENTIFIER = "Prep-Course.Project-Prototype";
				PRODUCT_NAME = "$(TARGET_NAME)";
				TARGETED_DEVICE_FAMILY = 1;
			};
			name = Release;
		};
/* End XCBuildConfiguration section */

/* Begin XCConfigurationList section */
		1581B3322201195500A3BA1F /* Build configuration list for PBXProject "Project Prototype" */ = {
			isa = XCConfigurationList;
			buildConfigurations = (
				1581B34B2201195900A3BA1F /* Debug */,
				1581B34C2201195900A3BA1F /* Release */,
			);
			defaultConfigurationIsVisible = 0;
			defaultConfigurationName = Release;
		};
		1581B34D2201195900A3BA1F /* Build configuration list for PBXNativeTarget "Project Prototype" */ = {
			isa = XCConfigurationList;
			buildConfigurations = (
				1581B34E2201195900A3BA1F /* Debug */,
				1581B34F2201195900A3BA1F /* Release */,
			);
			defaultConfigurationIsVisible = 0;
			defaultConfigurationName = Release;
		};
/* End XCConfigurationList section */
	};
	rootObject = 1581B32F2201195500A3BA1F /* Project object */;
}
